
Microsoft Visual Studio Solution File, Format Version 12.00
# Visual Studio Version 16
VisualStudioVersion = 16.0.31129.286
MinimumVisualStudioVersion = 10.0.40219.1
Project("{FAE04EC0-301F-11D3-BF4B-00C04F79EFBC}") = "BasicAlgorithmsCSharp150", "BasicAlgorithmsCSharp150\BasicAlgorithmsCSharp150.csproj", "{0EFA35C7-FD35-4434-B24D-063FF9EF6DA2}"
EndProject
Global
	GlobalSection(SolutionConfigurationPlatforms) = preSolution
		Debug|Any CPU = Debug|Any CPU
		Release|Any CPU = Release|Any CPU
	EndGlobalSection
	GlobalSection(ProjectConfigurationPlatforms) = postSolution
		{0EFA35C7-FD35-4434-B24D-063FF9EF6DA2}.Debug|Any CPU.ActiveCfg = Debug|Any CPU
		{0EFA35C7-FD35-4434-B24D-063FF9EF6DA2}.Debug|Any CPU.Build.0 = Debug|Any CPU
		{0EFA35C7-FD35-4434-B24D-063FF9EF6DA2}.Release|Any CPU.ActiveCfg = Release|Any CPU
		{0EFA35C7-FD35-4434-B24D-063FF9EF6DA2}.Release|Any CPU.Build.0 = Release|Any CPU
	EndGlobalSection
	GlobalSection(SolutionProperties) = preSolution
		HideSolutionNode = FALSE
	EndGlobalSection
	GlobalSection(ExtensibilityGlobals) = postSolution
		SolutionGuid = {5C840F3A-F902-458E-8D8B-DB3C7CCFEFE7}
	EndGlobalSection
EndGlobal
